
Microsoft Visual Studio Solution File, Format Version 12.00
# Visual Studio Version 16
VisualStudioVersion = 16.0.32901.82
MinimumVisualStudioVersion = 10.0.40219.1
Project("{FAE04EC0-301F-11D3-BF4B-00C04F79EFBC}") = "Castor", "Castor\Castor.csproj", "{C5DE9410-3E34-43A6-BFC3-E01A2FCDBE59}"
EndProject
Global
	GlobalSection(SolutionConfigurationPlatforms) = preSolution
		Debug|Any CPU = Debug|Any CPU
		Release|Any CPU = Release|Any CPU
	EndGlobalSection
	GlobalSection(ProjectConfigurationPlatforms) = postSolution
		{C5DE9410-3E34-43A6-BFC3-E01A2FCDBE59}.Debug|Any CPU.ActiveCfg = Debug|Any CPU
		{C5DE9410-3E34-43A6-BFC3-E01A2FCDBE59}.Debug|Any CPU.Build.0 = Debug|Any CPU
		{C5DE9410-3E34-43A6-BFC3-E01A2FCDBE59}.Release|Any CPU.ActiveCfg = Release|Any CPU
		{C5DE9410-3E34-43A6-BFC3-E01A2FCDBE59}.Release|Any CPU.Build.0 = Release|Any CPU
	EndGlobalSection
	GlobalSection(SolutionProperties) = preSolution
		HideSolutionNode = FALSE
	EndGlobalSection
	GlobalSection(ExtensibilityGlobals) = postSolution
		SolutionGuid = {D76B4896-9F56-414F-BDDC-60BECAB016AA}
	EndGlobalSection
EndGlobal
