
Microsoft Visual Studio Solution File, Format Version 12.00
# Visual Studio Version 16
VisualStudioVersion = 16.0.33027.164
MinimumVisualStudioVersion = 10.0.40219.1
Project("{FAE04EC0-301F-11D3-BF4B-00C04F79EFBC}") = "Web forms", "Web forms\Web forms.csproj", "{768DFA39-9CD8-48B2-8987-A4CD396DB631}"
EndProject
Global
	GlobalSection(SolutionConfigurationPlatforms) = preSolution
		Debug|Any CPU = Debug|Any CPU
		Release|Any CPU = Release|Any CPU
	EndGlobalSection
	GlobalSection(ProjectConfigurationPlatforms) = postSolution
		{768DFA39-9CD8-48B2-8987-A4CD396DB631}.Debug|Any CPU.ActiveCfg = Debug|Any CPU
		{768DFA39-9CD8-48B2-8987-A4CD396DB631}.Debug|Any CPU.Build.0 = Debug|Any CPU
		{768DFA39-9CD8-48B2-8987-A4CD396DB631}.Release|Any CPU.ActiveCfg = Release|Any CPU
		{768DFA39-9CD8-48B2-8987-A4CD396DB631}.Release|Any CPU.Build.0 = Release|Any CPU
	EndGlobalSection
	GlobalSection(SolutionProperties) = preSolution
		HideSolutionNode = FALSE
	EndGlobalSection
	GlobalSection(ExtensibilityGlobals) = postSolution
		SolutionGuid = {EF2DA490-9FAC-47E7-BD27-85FEBE56CDB6}
	EndGlobalSection
EndGlobal
